
Microsoft Visual Studio Solution File, Format Version 12.00
# Visual Studio Version 17
VisualStudioVersion = 17.0.31903.59
MinimumVisualStudioVersion = 10.0.40219.1
Project("{2150E333-8FDC-42A3-9474-1A3956D46DE8}") = "src", "src", "{B4C68BC1-722B-4069-9E4D-7E7FB04FA20A}"
EndProject
Project("{FAE04EC0-301F-11D3-BF4B-00C04F79EFBC}") = "ExampleLib", "src\ExampleLib\ExampleLib.csproj", "{D3DB6112-0E76-495B-BE71-5186112A4296}"
EndProject
Project("{2150E333-8FDC-42A3-9474-1A3956D46DE8}") = "tests", "tests", "{CE774A12-53F2-4F94-ADFA-96E36863AED4}"
EndProject
Project("{FAE04EC0-301F-11D3-BF4B-00C04F79EFBC}") = "ExampleLib.UnitTests", "tests\ExampleLib.UnitTests\ExampleLib.UnitTests.csproj", "{9E45EACA-B811-400F-978F-7419AC8658D5}"
EndProject
Project("{FAE04EC0-301F-11D3-BF4B-00C04F79EFBC}") = "Lexer", "src\Lexer\Lexer.csproj", "{30938C6F-226D-4E5D-A43C-1B26F786B6DD}"
EndProject
Project("{FAE04EC0-301F-11D3-BF4B-00C04F79EFBC}") = "Lexer.UnitTests", "tests\Lexer.UnitTests\Lexer.UnitTests.csproj", "{B629F795-5564-4671-83DD-8FBF29116753}"
EndProject
Project("{FAE04EC0-301F-11D3-BF4B-00C04F79EFBC}") = "Parser", "src\Parser\Parser.csproj", "{C97DAADA-F84C-4769-AFAD-E40C42AAB4EE}"
EndProject
Project("{FAE04EC0-301F-11D3-BF4B-00C04F79EFBC}") = "Parser.UnitTests", "tests\Parser.UnitTests\Parser.UnitTests.csproj", "{0BE57D6F-EF6A-44FA-BF77-11E283366686}"
EndProject
Project("{FAE04EC0-301F-11D3-BF4B-00C04F79EFBC}") = "Grammar.UnitTests", "tests\Grammar.UnitTests\Grammar.UnitTests.csproj", "{160FB839-F6BA-48A9-85AA-769A5A1100F3}"
EndProject
Project("{FAE04EC0-301F-11D3-BF4B-00C04F79EFBC}") = "Grammar", "src\Grammar\Grammar.csproj", "{2E87C767-BBC8-F9B4-1AE7-EA348A5AA991}"
EndProject
Project("{FAE04EC0-301F-11D3-BF4B-00C04F79EFBC}") = "Interpreter", "src\Interpreter\Interpreter.csproj", "{45C8F66B-1214-41F8-AF4E-98C2FBA1D1F3}"
EndProject
Project("{FAE04EC0-301F-11D3-BF4B-00C04F79EFBC}") = "Interpreter.Specs", "tests\Interpreter.Specs\Interpreter.Specs.csproj", "{9948EC6E-3F5E-461D-A019-BE5E64852C88}"
EndProject
Project("{FAE04EC0-301F-11D3-BF4B-00C04F79EFBC}") = "Execution", "src\Execution\Execution.csproj", "{86A93A30-C7FA-420E-B3D1-55067E0A4A4F}"
EndProject
Global
	GlobalSection(SolutionConfigurationPlatforms) = preSolution
		Debug|Any CPU = Debug|Any CPU
		Debug|x64 = Debug|x64
		Debug|x86 = Debug|x86
		Release|Any CPU = Release|Any CPU
		Release|x64 = Release|x64
		Release|x86 = Release|x86
	EndGlobalSection
	GlobalSection(ProjectConfigurationPlatforms) = postSolution
		{D3DB6112-0E76-495B-BE71-5186112A4296}.Debug|Any CPU.ActiveCfg = Debug|Any CPU
		{D3DB6112-0E76-495B-BE71-5186112A4296}.Debug|Any CPU.Build.0 = Debug|Any CPU
		{D3DB6112-0E76-495B-BE71-5186112A4296}.Debug|x64.ActiveCfg = Debug|Any CPU
		{D3DB6112-0E76-495B-BE71-5186112A4296}.Debug|x64.Build.0 = Debug|Any CPU
		{D3DB6112-0E76-495B-BE71-5186112A4296}.Debug|x86.ActiveCfg = Debug|Any CPU
		{D3DB6112-0E76-495B-BE71-5186112A4296}.Debug|x86.Build.0 = Debug|Any CPU
		{D3DB6112-0E76-495B-BE71-5186112A4296}.Release|Any CPU.ActiveCfg = Release|Any CPU
		{D3DB6112-0E76-495B-BE71-5186112A4296}.Release|Any CPU.Build.0 = Release|Any CPU
		{D3DB6112-0E76-495B-BE71-5186112A4296}.Release|x64.ActiveCfg = Release|Any CPU
		{D3DB6112-0E76-495B-BE71-5186112A4296}.Release|x64.Build.0 = Release|Any CPU
		{D3DB6112-0E76-495B-BE71-5186112A4296}.Release|x86.ActiveCfg = Release|Any CPU
		{D3DB6112-0E76-495B-BE71-5186112A4296}.Release|x86.Build.0 = Release|Any CPU
		{9E45EACA-B811-400F-978F-7419AC8658D5}.Debug|Any CPU.ActiveCfg = Debug|Any CPU
		{9E45EACA-B811-400F-978F-7419AC8658D5}.Debug|Any CPU.Build.0 = Debug|Any CPU
		{9E45EACA-B811-400F-978F-7419AC8658D5}.Debug|x64.ActiveCfg = Debug|Any CPU
		{9E45EACA-B811-400F-978F-7419AC8658D5}.Debug|x64.Build.0 = Debug|Any CPU
		{9E45EACA-B811-400F-978F-7419AC8658D5}.Debug|x86.ActiveCfg = Debug|Any CPU
		{9E45EACA-B811-400F-978F-7419AC8658D5}.Debug|x86.Build.0 = Debug|Any CPU
		{9E45EACA-B811-400F-978F-7419AC8658D5}.Release|Any CPU.ActiveCfg = Release|Any CPU
		{9E45EACA-B811-400F-978F-7419AC8658D5}.Release|Any CPU.Build.0 = Release|Any CPU
		{9E45EACA-B811-400F-978F-7419AC8658D5}.Release|x64.ActiveCfg = Release|Any CPU
		{9E45EACA-B811-400F-978F-7419AC8658D5}.Release|x64.Build.0 = Release|Any CPU
		{9E45EACA-B811-400F-978F-7419AC8658D5}.Release|x86.ActiveCfg = Release|Any CPU
		{9E45EACA-B811-400F-978F-7419AC8658D5}.Release|x86.Build.0 = Release|Any CPU
		{30938C6F-226D-4E5D-A43C-1B26F786B6DD}.Debug|Any CPU.ActiveCfg = Debug|Any CPU
		{30938C6F-226D-4E5D-A43C-1B26F786B6DD}.Debug|Any CPU.Build.0 = Debug|Any CPU
		{30938C6F-226D-4E5D-A43C-1B26F786B6DD}.Debug|x64.ActiveCfg = Debug|Any CPU
		{30938C6F-226D-4E5D-A43C-1B26F786B6DD}.Debug|x64.Build.0 = Debug|Any CPU
		{30938C6F-226D-4E5D-A43C-1B26F786B6DD}.Debug|x86.ActiveCfg = Debug|Any CPU
		{30938C6F-226D-4E5D-A43C-1B26F786B6DD}.Debug|x86.Build.0 = Debug|Any CPU
		{30938C6F-226D-4E5D-A43C-1B26F786B6DD}.Release|Any CPU.ActiveCfg = Release|Any CPU
		{30938C6F-226D-4E5D-A43C-1B26F786B6DD}.Release|Any CPU.Build.0 = Release|Any CPU
		{30938C6F-226D-4E5D-A43C-1B26F786B6DD}.Release|x64.ActiveCfg = Release|Any CPU
		{30938C6F-226D-4E5D-A43C-1B26F786B6DD}.Release|x64.Build.0 = Release|Any CPU
		{30938C6F-226D-4E5D-A43C-1B26F786B6DD}.Release|x86.ActiveCfg = Release|Any CPU
		{30938C6F-226D-4E5D-A43C-1B26F786B6DD}.Release|x86.Build.0 = Release|Any CPU
		{B629F795-5564-4671-83DD-8FBF29116753}.Debug|Any CPU.ActiveCfg = Debug|Any CPU
		{B629F795-5564-4671-83DD-8FBF29116753}.Debug|Any CPU.Build.0 = Debug|Any CPU
		{B629F795-5564-4671-83DD-8FBF29116753}.Debug|x64.ActiveCfg = Debug|Any CPU
		{B629F795-5564-4671-83DD-8FBF29116753}.Debug|x64.Build.0 = Debug|Any CPU
		{B629F795-5564-4671-83DD-8FBF29116753}.Debug|x86.ActiveCfg = Debug|Any CPU
		{B629F795-5564-4671-83DD-8FBF29116753}.Debug|x86.Build.0 = Debug|Any CPU
		{B629F795-5564-4671-83DD-8FBF29116753}.Release|Any CPU.ActiveCfg = Release|Any CPU
		{B629F795-5564-4671-83DD-8FBF29116753}.Release|Any CPU.Build.0 = Release|Any CPU
		{B629F795-5564-4671-83DD-8FBF29116753}.Release|x64.ActiveCfg = Release|Any CPU
		{B629F795-5564-4671-83DD-8FBF29116753}.Release|x64.Build.0 = Release|Any CPU
		{B629F795-5564-4671-83DD-8FBF29116753}.Release|x86.ActiveCfg = Release|Any CPU
		{B629F795-5564-4671-83DD-8FBF29116753}.Release|x86.Build.0 = Release|Any CPU
		{C97DAADA-F84C-4769-AFAD-E40C42AAB4EE}.Debug|Any CPU.ActiveCfg = Debug|Any CPU
		{C97DAADA-F84C-4769-AFAD-E40C42AAB4EE}.Debug|Any CPU.Build.0 = Debug|Any CPU
		{C97DAADA-F84C-4769-AFAD-E40C42AAB4EE}.Debug|x64.ActiveCfg = Debug|Any CPU
		{C97DAADA-F84C-4769-AFAD-E40C42AAB4EE}.Debug|x64.Build.0 = Debug|Any CPU
		{C97DAADA-F84C-4769-AFAD-E40C42AAB4EE}.Debug|x86.ActiveCfg = Debug|Any CPU
		{C97DAADA-F84C-4769-AFAD-E40C42AAB4EE}.Debug|x86.Build.0 = Debug|Any CPU
		{C97DAADA-F84C-4769-AFAD-E40C42AAB4EE}.Release|Any CPU.ActiveCfg = Release|Any CPU
		{C97DAADA-F84C-4769-AFAD-E40C42AAB4EE}.Release|Any CPU.Build.0 = Release|Any CPU
		{C97DAADA-F84C-4769-AFAD-E40C42AAB4EE}.Release|x64.ActiveCfg = Release|Any CPU
		{C97DAADA-F84C-4769-AFAD-E40C42AAB4EE}.Release|x64.Build.0 = Release|Any CPU
		{C97DAADA-F84C-4769-AFAD-E40C42AAB4EE}.Release|x86.ActiveCfg = Release|Any CPU
		{C97DAADA-F84C-4769-AFAD-E40C42AAB4EE}.Release|x86.Build.0 = Release|Any CPU
		{0BE57D6F-EF6A-44FA-BF77-11E283366686}.Debug|Any CPU.ActiveCfg = Debug|Any CPU
		{0BE57D6F-EF6A-44FA-BF77-11E283366686}.Debug|Any CPU.Build.0 = Debug|Any CPU
		{0BE57D6F-EF6A-44FA-BF77-11E283366686}.Debug|x64.ActiveCfg = Debug|Any CPU
		{0BE57D6F-EF6A-44FA-BF77-11E283366686}.Debug|x64.Build.0 = Debug|Any CPU
		{0BE57D6F-EF6A-44FA-BF77-11E283366686}.Debug|x86.ActiveCfg = Debug|Any CPU
		{0BE57D6F-EF6A-44FA-BF77-11E283366686}.Debug|x86.Build.0 = Debug|Any CPU
		{0BE57D6F-EF6A-44FA-BF77-11E283366686}.Release|Any CPU.ActiveCfg = Release|Any CPU
		{0BE57D6F-EF6A-44FA-BF77-11E283366686}.Release|Any CPU.Build.0 = Release|Any CPU
		{0BE57D6F-EF6A-44FA-BF77-11E283366686}.Release|x64.ActiveCfg = Release|Any CPU
		{0BE57D6F-EF6A-44FA-BF77-11E283366686}.Release|x64.Build.0 = Release|Any CPU
		{0BE57D6F-EF6A-44FA-BF77-11E283366686}.Release|x86.ActiveCfg = Release|Any CPU
		{0BE57D6F-EF6A-44FA-BF77-11E283366686}.Release|x86.Build.0 = Release|Any CPU
		{160FB839-F6BA-48A9-85AA-769A5A1100F3}.Debug|Any CPU.ActiveCfg = Debug|Any CPU
		{160FB839-F6BA-48A9-85AA-769A5A1100F3}.Debug|Any CPU.Build.0 = Debug|Any CPU
		{160FB839-F6BA-48A9-85AA-769A5A1100F3}.Debug|x64.ActiveCfg = Debug|Any CPU
		{160FB839-F6BA-48A9-85AA-769A5A1100F3}.Debug|x64.Build.0 = Debug|Any CPU
		{160FB839-F6BA-48A9-85AA-769A5A1100F3}.Debug|x86.ActiveCfg = Debug|Any CPU
		{160FB839-F6BA-48A9-85AA-769A5A1100F3}.Debug|x86.Build.0 = Debug|Any CPU
		{160FB839-F6BA-48A9-85AA-769A5A1100F3}.Release|Any CPU.ActiveCfg = Release|Any CPU
		{160FB839-F6BA-48A9-85AA-769A5A1100F3}.Release|Any CPU.Build.0 = Release|Any CPU
		{160FB839-F6BA-48A9-85AA-769A5A1100F3}.Release|x64.ActiveCfg = Release|Any CPU
		{160FB839-F6BA-48A9-85AA-769A5A1100F3}.Release|x64.Build.0 = Release|Any CPU
		{160FB839-F6BA-48A9-85AA-769A5A1100F3}.Release|x86.ActiveCfg = Release|Any CPU
		{160FB839-F6BA-48A9-85AA-769A5A1100F3}.Release|x86.Build.0 = Release|Any CPU
		{2E87C767-BBC8-F9B4-1AE7-EA348A5AA991}.Debug|Any CPU.ActiveCfg = Debug|Any CPU
		{2E87C767-BBC8-F9B4-1AE7-EA348A5AA991}.Debug|Any CPU.Build.0 = Debug|Any CPU
		{2E87C767-BBC8-F9B4-1AE7-EA348A5AA991}.Debug|x64.ActiveCfg = Debug|Any CPU
		{2E87C767-BBC8-F9B4-1AE7-EA348A5AA991}.Debug|x64.Build.0 = Debug|Any CPU
		{2E87C767-BBC8-F9B4-1AE7-EA348A5AA991}.Debug|x86.ActiveCfg = Debug|Any CPU
		{2E87C767-BBC8-F9B4-1AE7-EA348A5AA991}.Debug|x86.Build.0 = Debug|Any CPU
		{2E87C767-BBC8-F9B4-1AE7-EA348A5AA991}.Release|Any CPU.ActiveCfg = Release|Any CPU
		{2E87C767-BBC8-F9B4-1AE7-EA348A5AA991}.Release|Any CPU.Build.0 = Release|Any CPU
		{2E87C767-BBC8-F9B4-1AE7-EA348A5AA991}.Release|x64.ActiveCfg = Release|Any CPU
		{2E87C767-BBC8-F9B4-1AE7-EA348A5AA991}.Release|x64.Build.0 = Release|Any CPU
		{2E87C767-BBC8-F9B4-1AE7-EA348A5AA991}.Release|x86.ActiveCfg = Release|Any CPU
		{2E87C767-BBC8-F9B4-1AE7-EA348A5AA991}.Release|x86.Build.0 = Release|Any CPU
		{45C8F66B-1214-41F8-AF4E-98C2FBA1D1F3}.Debug|Any CPU.ActiveCfg = Debug|Any CPU
		{45C8F66B-1214-41F8-AF4E-98C2FBA1D1F3}.Debug|Any CPU.Build.0 = Debug|Any CPU
		{45C8F66B-1214-41F8-AF4E-98C2FBA1D1F3}.Debug|x64.ActiveCfg = Debug|Any CPU
		{45C8F66B-1214-41F8-AF4E-98C2FBA1D1F3}.Debug|x64.Build.0 = Debug|Any CPU
		{45C8F66B-1214-41F8-AF4E-98C2FBA1D1F3}.Debug|x86.ActiveCfg = Debug|Any CPU
		{45C8F66B-1214-41F8-AF4E-98C2FBA1D1F3}.Debug|x86.Build.0 = Debug|Any CPU
		{45C8F66B-1214-41F8-AF4E-98C2FBA1D1F3}.Release|Any CPU.ActiveCfg = Release|Any CPU
		{45C8F66B-1214-41F8-AF4E-98C2FBA1D1F3}.Release|Any CPU.Build.0 = Release|Any CPU
		{45C8F66B-1214-41F8-AF4E-98C2FBA1D1F3}.Release|x64.ActiveCfg = Release|Any CPU
		{45C8F66B-1214-41F8-AF4E-98C2FBA1D1F3}.Release|x64.Build.0 = Release|Any CPU
		{45C8F66B-1214-41F8-AF4E-98C2FBA1D1F3}.Release|x86.ActiveCfg = Release|Any CPU
		{45C8F66B-1214-41F8-AF4E-98C2FBA1D1F3}.Release|x86.Build.0 = Release|Any CPU
		{9948EC6E-3F5E-461D-A019-BE5E64852C88}.Debug|Any CPU.ActiveCfg = Debug|Any CPU
		{9948EC6E-3F5E-461D-A019-BE5E64852C88}.Debug|Any CPU.Build.0 = Debug|Any CPU
		{9948EC6E-3F5E-461D-A019-BE5E64852C88}.Debug|x64.ActiveCfg = Debug|Any CPU
		{9948EC6E-3F5E-461D-A019-BE5E64852C88}.Debug|x64.Build.0 = Debug|Any CPU
		{9948EC6E-3F5E-461D-A019-BE5E64852C88}.Debug|x86.ActiveCfg = Debug|Any CPU
		{9948EC6E-3F5E-461D-A019-BE5E64852C88}.Debug|x86.Build.0 = Debug|Any CPU
		{9948EC6E-3F5E-461D-A019-BE5E64852C88}.Release|Any CPU.ActiveCfg = Release|Any CPU
		{9948EC6E-3F5E-461D-A019-BE5E64852C88}.Release|Any CPU.Build.0 = Release|Any CPU
		{9948EC6E-3F5E-461D-A019-BE5E64852C88}.Release|x64.ActiveCfg = Release|Any CPU
		{9948EC6E-3F5E-461D-A019-BE5E64852C88}.Release|x64.Build.0 = Release|Any CPU
		{9948EC6E-3F5E-461D-A019-BE5E64852C88}.Release|x86.ActiveCfg = Release|Any CPU
		{9948EC6E-3F5E-461D-A019-BE5E64852C88}.Release|x86.Build.0 = Release|Any CPU
		{86A93A30-C7FA-420E-B3D1-55067E0A4A4F}.Debug|Any CPU.ActiveCfg = Debug|Any CPU
		{86A93A30-C7FA-420E-B3D1-55067E0A4A4F}.Debug|Any CPU.Build.0 = Debug|Any CPU
		{86A93A30-C7FA-420E-B3D1-55067E0A4A4F}.Debug|x64.ActiveCfg = Debug|Any CPU
		{86A93A30-C7FA-420E-B3D1-55067E0A4A4F}.Debug|x64.Build.0 = Debug|Any CPU
		{86A93A30-C7FA-420E-B3D1-55067E0A4A4F}.Debug|x86.ActiveCfg = Debug|Any CPU
		{86A93A30-C7FA-420E-B3D1-55067E0A4A4F}.Debug|x86.Build.0 = Debug|Any CPU
		{86A93A30-C7FA-420E-B3D1-55067E0A4A4F}.Release|Any CPU.ActiveCfg = Release|Any CPU
		{86A93A30-C7FA-420E-B3D1-55067E0A4A4F}.Release|Any CPU.Build.0 = Release|Any CPU
		{86A93A30-C7FA-420E-B3D1-55067E0A4A4F}.Release|x64.ActiveCfg = Release|Any CPU
		{86A93A30-C7FA-420E-B3D1-55067E0A4A4F}.Release|x64.Build.0 = Release|Any CPU
		{86A93A30-C7FA-420E-B3D1-55067E0A4A4F}.Release|x86.ActiveCfg = Release|Any CPU
		{86A93A30-C7FA-420E-B3D1-55067E0A4A4F}.Release|x86.Build.0 = Release|Any CPU
	EndGlobalSection
	GlobalSection(SolutionProperties) = preSolution
		HideSolutionNode = FALSE
	EndGlobalSection
	GlobalSection(NestedProjects) = preSolution
		{D3DB6112-0E76-495B-BE71-5186112A4296} = {B4C68BC1-722B-4069-9E4D-7E7FB04FA20A}
		{9E45EACA-B811-400F-978F-7419AC8658D5} = {CE774A12-53F2-4F94-ADFA-96E36863AED4}
		{30938C6F-226D-4E5D-A43C-1B26F786B6DD} = {B4C68BC1-722B-4069-9E4D-7E7FB04FA20A}
		{B629F795-5564-4671-83DD-8FBF29116753} = {CE774A12-53F2-4F94-ADFA-96E36863AED4}
		{C97DAADA-F84C-4769-AFAD-E40C42AAB4EE} = {B4C68BC1-722B-4069-9E4D-7E7FB04FA20A}
		{0BE57D6F-EF6A-44FA-BF77-11E283366686} = {CE774A12-53F2-4F94-ADFA-96E36863AED4}
		{160FB839-F6BA-48A9-85AA-769A5A1100F3} = {CE774A12-53F2-4F94-ADFA-96E36863AED4}
		{2E87C767-BBC8-F9B4-1AE7-EA348A5AA991} = {B4C68BC1-722B-4069-9E4D-7E7FB04FA20A}
		{45C8F66B-1214-41F8-AF4E-98C2FBA1D1F3} = {B4C68BC1-722B-4069-9E4D-7E7FB04FA20A}
		{9948EC6E-3F5E-461D-A019-BE5E64852C88} = {CE774A12-53F2-4F94-ADFA-96E36863AED4}
		{86A93A30-C7FA-420E-B3D1-55067E0A4A4F} = {B4C68BC1-722B-4069-9E4D-7E7FB04FA20A}
	EndGlobalSection
	GlobalSection(ExtensibilityGlobals) = postSolution
		SolutionGuid = {CFABB35B-C65E-4513-BA26-711E0BACEA0C}
	EndGlobalSection
EndGlobal
